
Microsoft Visual Studio Solution File, Format Version 12.00
# Visual Studio 15
VisualStudioVersion = 15.0.26730.16
MinimumVisualStudioVersion = 10.0.40219.1
Project("{FAE04EC0-301F-11D3-BF4B-00C04F79EFBC}") = "AdventOfCode.Day01", "src\AdventOfCode.2017\AdventOfCode.Day1\AdventOfCode.Day01.csproj", "{32DB16CB-F79A-4F43-85A3-E431D6AACB5A}"
EndProject
Project("{FAE04EC0-301F-11D3-BF4B-00C04F79EFBC}") = "AdventOfCode.Day02", "src\AdventOfCode.2017\AdventOfCode.Day2\AdventOfCode.Day02.csproj", "{7A2E673F-D7FB-4D45-B0A9-F248FA945E58}"
EndProject
Project("{FAE04EC0-301F-11D3-BF4B-00C04F79EFBC}") = "AdventOfCode.Day03", "src\AdventOfCode.2017\AdventOfCode.Day3\AdventOfCode.Day03.csproj", "{221FC5E7-5091-432A-983B-4457D0DB8FC4}"
EndProject
Project("{FAE04EC0-301F-11D3-BF4B-00C04F79EFBC}") = "AdventOfCode.Day04", "src\AdventOfCode.2017\AdventOfCode.Day4\AdventOfCode.Day04.csproj", "{AAD053C3-076E-4EF7-946C-1F10DE5C9ACE}"
EndProject
Project("{FAE04EC0-301F-11D3-BF4B-00C04F79EFBC}") = "AdventOfCode.Day05", "src\AdventOfCode.2017\AdventOfCode.Day5\AdventOfCode.Day05.csproj", "{B3724A19-1C4A-40A0-A2F8-3B05EA70E709}"
EndProject
Project("{FAE04EC0-301F-11D3-BF4B-00C04F79EFBC}") = "AdventOfCode.Day06", "src\AdventOfCode.2017\AdventOfCode.Day6\AdventOfCode.Day06.csproj", "{730D94B8-7D8E-4F93-90D9-D387DF186953}"
EndProject
Project("{FAE04EC0-301F-11D3-BF4B-00C04F79EFBC}") = "AdventOfCode.Day07", "src\AdventOfCode.2017\AdventOfCode.Day7\AdventOfCode.Day07.csproj", "{E4EA0BB5-0921-4C94-AB68-E59B48DB8F56}"
EndProject
Project("{FAE04EC0-301F-11D3-BF4B-00C04F79EFBC}") = "AdventOfCode.Day08", "src\AdventOfCode.2017\AdventOfCode.Day8\AdventOfCode.Day08.csproj", "{AB173E9D-CEF7-45CA-9C55-AFCF1045876A}"
EndProject
Project("{FAE04EC0-301F-11D3-BF4B-00C04F79EFBC}") = "AdventOfCode.Day09", "src\AdventOfCode.2017\AdventOfCode.Day9\AdventOfCode.Day09.csproj", "{6A8BFEB7-11B0-4180-AE53-D62037AF773D}"
EndProject
Project("{FAE04EC0-301F-11D3-BF4B-00C04F79EFBC}") = "AdventOfCode.Day10", "src\AdventOfCode.2017\AdventOfCode.Day10\AdventOfCode.Day10.csproj", "{A7840C64-CFC4-47C4-8FE9-578066C1D332}"
EndProject
Project("{FAE04EC0-301F-11D3-BF4B-00C04F79EFBC}") = "AdventOfCode.Day11", "src\AdventOfCode.2017\AdventOfCode.Day11\AdventOfCode.Day11.csproj", "{0305A8A3-7C53-4D74-9A18-4DEB675FFDA0}"
EndProject
Project("{FAE04EC0-301F-11D3-BF4B-00C04F79EFBC}") = "AdventOfCode.Day12", "src\AdventOfCode.2017\AdventOfCode.Day12\AdventOfCode.Day12.csproj", "{29FE673C-2DC1-4C60-9C7D-F28EB0F27671}"
EndProject
Project("{FAE04EC0-301F-11D3-BF4B-00C04F79EFBC}") = "AdventOfCode.Day13", "src\AdventOfCode.2017\AdventOfCode.Day13\AdventOfCode.Day13.csproj", "{2CE472BC-E439-4F46-BA46-31C0D64AB37B}"
EndProject
Project("{FAE04EC0-301F-11D3-BF4B-00C04F79EFBC}") = "AdventOfCode.Day15", "src\AdventOfCode.2017\AdventOfCode.Day15\AdventOfCode.Day15.csproj", "{671B3791-F619-41B6-B391-9E083BE915E7}"
EndProject
Project("{FAE04EC0-301F-11D3-BF4B-00C04F79EFBC}") = "AdventOfCode.Day17", "src\AdventOfCode.2017\AdventOfCode.Day17\AdventOfCode.Day17.csproj", "{C8238C16-70B4-4631-8A0E-0A03931AE385}"
EndProject
Project("{FAE04EC0-301F-11D3-BF4B-00C04F79EFBC}") = "AdventOfCode.Day16", "src\AdventOfCode.2017\AdventOfCode.Day16\AdventOfCode.Day16.csproj", "{2A1A95E0-6E53-47C1-91E8-43A7BF5D415D}"
EndProject
Project("{FAE04EC0-301F-11D3-BF4B-00C04F79EFBC}") = "AdventOfCode.Day18", "src\AdventOfCode.2017\AdventOfCode.Day18\AdventOfCode.Day18.csproj", "{334D690B-4564-436F-B7BB-D3FE6BFE6F6A}"
EndProject
Project("{FAE04EC0-301F-11D3-BF4B-00C04F79EFBC}") = "AdventOfCode.Day19", "src\AdventOfCode.2017\AdventOfCode.Day19\AdventOfCode.Day19.csproj", "{4CABC7B9-E1B6-43CB-A527-EC0EF119C54B}"
EndProject
Project("{FAE04EC0-301F-11D3-BF4B-00C04F79EFBC}") = "AdventOfCode.Day20", "src\AdventOfCode.2017\AdventOfCode.Day20\AdventOfCode.Day20.csproj", "{23889D03-2828-4C6A-8BBB-CBC46DB1BF2C}"
EndProject
Project("{FAE04EC0-301F-11D3-BF4B-00C04F79EFBC}") = "AdventOfCode.Day23", "src\AdventOfCode.2017\AdventOfCode.Day23\AdventOfCode.Day23.csproj", "{EEB14566-1302-48CB-ADDD-3A032DC78A6A}"
EndProject
Project("{FAE04EC0-301F-11D3-BF4B-00C04F79EFBC}") = "AdventOfCode.Day25", "src\AdventOfCode.2017\AdventOfCode.Day25\AdventOfCode.Day25.csproj", "{3168CF69-DCD2-4B02-891A-897567B67150}"
EndProject
Project("{2150E333-8FDC-42A3-9474-1A3956D46DE8}") = "src", "src", "{AFEB5CC9-C04C-4012-B8AA-5A032CB8832D}"
EndProject
Project("{2150E333-8FDC-42A3-9474-1A3956D46DE8}") = "AdventOfCode.2017", "AdventOfCode.2017", "{223B33C6-332E-4778-8A12-8E4665EEEE75}"
EndProject
Project("{2150E333-8FDC-42A3-9474-1A3956D46DE8}") = "AdventOfCode.2015", "AdventOfCode.2015", "{002E223E-DE4D-4D17-B3C8-80698C66265F}"
EndProject
Project("{FAE04EC0-301F-11D3-BF4B-00C04F79EFBC}") = "AdventOfCode.Day1", "src\AdventOfCode.2015\AdventOfCode.Day1\AdventOfCode.Day1.csproj", "{5DF96A2A-C5B5-4D2E-9C24-C01D20E8E279}"
EndProject
Project("{FAE04EC0-301F-11D3-BF4B-00C04F79EFBC}") = "AdventOfCode.Day2", "src\AdventOfCode.2015\AdventOfCode.Day2\AdventOfCode.Day2.csproj", "{9C9BD909-A4ED-47F9-8632-54ECAF6F5F47}"
EndProject
Project("{FAE04EC0-301F-11D3-BF4B-00C04F79EFBC}") = "AdventOfCode.Day3", "src\AdventOfCode.2015\AdventOfCode.Day3\AdventOfCode.Day3.csproj", "{A1199E18-6F83-4B1F-8A1D-7B15769DC5D6}"
EndProject
Project("{FAE04EC0-301F-11D3-BF4B-00C04F79EFBC}") = "AdventOfCode.Day4", "src\AdventOfCode.2015\AdventOfCode.Day4\AdventOfCode.Day4.csproj", "{FBE60BE6-3F2E-4942-91E5-F5523B86CED6}"
EndProject
Project("{FAE04EC0-301F-11D3-BF4B-00C04F79EFBC}") = "AdventOfCode.Day5", "src\AdventOfCode.2015\AdventOfCode.Day5\AdventOfCode.Day5.csproj", "{E5CB645F-3E8C-424C-BEC1-449C64DCB817}"
EndProject
Global
	GlobalSection(SolutionConfigurationPlatforms) = preSolution
		Debug|Any CPU = Debug|Any CPU
		Release|Any CPU = Release|Any CPU
	EndGlobalSection
	GlobalSection(ProjectConfigurationPlatforms) = postSolution
		{32DB16CB-F79A-4F43-85A3-E431D6AACB5A}.Debug|Any CPU.ActiveCfg = Debug|Any CPU
		{32DB16CB-F79A-4F43-85A3-E431D6AACB5A}.Debug|Any CPU.Build.0 = Debug|Any CPU
		{32DB16CB-F79A-4F43-85A3-E431D6AACB5A}.Release|Any CPU.ActiveCfg = Release|Any CPU
		{32DB16CB-F79A-4F43-85A3-E431D6AACB5A}.Release|Any CPU.Build.0 = Release|Any CPU
		{7A2E673F-D7FB-4D45-B0A9-F248FA945E58}.Debug|Any CPU.ActiveCfg = Debug|Any CPU
		{7A2E673F-D7FB-4D45-B0A9-F248FA945E58}.Debug|Any CPU.Build.0 = Debug|Any CPU
		{7A2E673F-D7FB-4D45-B0A9-F248FA945E58}.Release|Any CPU.ActiveCfg = Release|Any CPU
		{7A2E673F-D7FB-4D45-B0A9-F248FA945E58}.Release|Any CPU.Build.0 = Release|Any CPU
		{221FC5E7-5091-432A-983B-4457D0DB8FC4}.Debug|Any CPU.ActiveCfg = Debug|Any CPU
		{221FC5E7-5091-432A-983B-4457D0DB8FC4}.Debug|Any CPU.Build.0 = Debug|Any CPU
		{221FC5E7-5091-432A-983B-4457D0DB8FC4}.Release|Any CPU.ActiveCfg = Release|Any CPU
		{221FC5E7-5091-432A-983B-4457D0DB8FC4}.Release|Any CPU.Build.0 = Release|Any CPU
		{AAD053C3-076E-4EF7-946C-1F10DE5C9ACE}.Debug|Any CPU.ActiveCfg = Debug|Any CPU
		{AAD053C3-076E-4EF7-946C-1F10DE5C9ACE}.Debug|Any CPU.Build.0 = Debug|Any CPU
		{AAD053C3-076E-4EF7-946C-1F10DE5C9ACE}.Release|Any CPU.ActiveCfg = Release|Any CPU
		{AAD053C3-076E-4EF7-946C-1F10DE5C9ACE}.Release|Any CPU.Build.0 = Release|Any CPU
		{B3724A19-1C4A-40A0-A2F8-3B05EA70E709}.Debug|Any CPU.ActiveCfg = Debug|Any CPU
		{B3724A19-1C4A-40A0-A2F8-3B05EA70E709}.Debug|Any CPU.Build.0 = Debug|Any CPU
		{B3724A19-1C4A-40A0-A2F8-3B05EA70E709}.Release|Any CPU.ActiveCfg = Release|Any CPU
		{B3724A19-1C4A-40A0-A2F8-3B05EA70E709}.Release|Any CPU.Build.0 = Release|Any CPU
		{730D94B8-7D8E-4F93-90D9-D387DF186953}.Debug|Any CPU.ActiveCfg = Debug|Any CPU
		{730D94B8-7D8E-4F93-90D9-D387DF186953}.Debug|Any CPU.Build.0 = Debug|Any CPU
		{730D94B8-7D8E-4F93-90D9-D387DF186953}.Release|Any CPU.ActiveCfg = Release|Any CPU
		{730D94B8-7D8E-4F93-90D9-D387DF186953}.Release|Any CPU.Build.0 = Release|Any CPU
		{E4EA0BB5-0921-4C94-AB68-E59B48DB8F56}.Debug|Any CPU.ActiveCfg = Debug|Any CPU
		{E4EA0BB5-0921-4C94-AB68-E59B48DB8F56}.Debug|Any CPU.Build.0 = Debug|Any CPU
		{E4EA0BB5-0921-4C94-AB68-E59B48DB8F56}.Release|Any CPU.ActiveCfg = Release|Any CPU
		{E4EA0BB5-0921-4C94-AB68-E59B48DB8F56}.Release|Any CPU.Build.0 = Release|Any CPU
		{AB173E9D-CEF7-45CA-9C55-AFCF1045876A}.Debug|Any CPU.ActiveCfg = Debug|Any CPU
		{AB173E9D-CEF7-45CA-9C55-AFCF1045876A}.Debug|Any CPU.Build.0 = Debug|Any CPU
		{AB173E9D-CEF7-45CA-9C55-AFCF1045876A}.Release|Any CPU.ActiveCfg = Release|Any CPU
		{AB173E9D-CEF7-45CA-9C55-AFCF1045876A}.Release|Any CPU.Build.0 = Release|Any CPU
		{6A8BFEB7-11B0-4180-AE53-D62037AF773D}.Debug|Any CPU.ActiveCfg = Debug|Any CPU
		{6A8BFEB7-11B0-4180-AE53-D62037AF773D}.Debug|Any CPU.Build.0 = Debug|Any CPU
		{6A8BFEB7-11B0-4180-AE53-D62037AF773D}.Release|Any CPU.ActiveCfg = Release|Any CPU
		{6A8BFEB7-11B0-4180-AE53-D62037AF773D}.Release|Any CPU.Build.0 = Release|Any CPU
		{A7840C64-CFC4-47C4-8FE9-578066C1D332}.Debug|Any CPU.ActiveCfg = Debug|Any CPU
		{A7840C64-CFC4-47C4-8FE9-578066C1D332}.Debug|Any CPU.Build.0 = Debug|Any CPU
		{A7840C64-CFC4-47C4-8FE9-578066C1D332}.Release|Any CPU.ActiveCfg = Release|Any CPU
		{A7840C64-CFC4-47C4-8FE9-578066C1D332}.Release|Any CPU.Build.0 = Release|Any CPU
		{0305A8A3-7C53-4D74-9A18-4DEB675FFDA0}.Debug|Any CPU.ActiveCfg = Debug|Any CPU
		{0305A8A3-7C53-4D74-9A18-4DEB675FFDA0}.Debug|Any CPU.Build.0 = Debug|Any CPU
		{0305A8A3-7C53-4D74-9A18-4DEB675FFDA0}.Release|Any CPU.ActiveCfg = Release|Any CPU
		{0305A8A3-7C53-4D74-9A18-4DEB675FFDA0}.Release|Any CPU.Build.0 = Release|Any CPU
		{29FE673C-2DC1-4C60-9C7D-F28EB0F27671}.Debug|Any CPU.ActiveCfg = Debug|Any CPU
		{29FE673C-2DC1-4C60-9C7D-F28EB0F27671}.Debug|Any CPU.Build.0 = Debug|Any CPU
		{29FE673C-2DC1-4C60-9C7D-F28EB0F27671}.Release|Any CPU.ActiveCfg = Release|Any CPU
		{29FE673C-2DC1-4C60-9C7D-F28EB0F27671}.Release|Any CPU.Build.0 = Release|Any CPU
		{2CE472BC-E439-4F46-BA46-31C0D64AB37B}.Debug|Any CPU.ActiveCfg = Debug|Any CPU
		{2CE472BC-E439-4F46-BA46-31C0D64AB37B}.Debug|Any CPU.Build.0 = Debug|Any CPU
		{2CE472BC-E439-4F46-BA46-31C0D64AB37B}.Release|Any CPU.ActiveCfg = Release|Any CPU
		{2CE472BC-E439-4F46-BA46-31C0D64AB37B}.Release|Any CPU.Build.0 = Release|Any CPU
		{671B3791-F619-41B6-B391-9E083BE915E7}.Debug|Any CPU.ActiveCfg = Debug|Any CPU
		{671B3791-F619-41B6-B391-9E083BE915E7}.Debug|Any CPU.Build.0 = Debug|Any CPU
		{671B3791-F619-41B6-B391-9E083BE915E7}.Release|Any CPU.ActiveCfg = Release|Any CPU
		{671B3791-F619-41B6-B391-9E083BE915E7}.Release|Any CPU.Build.0 = Release|Any CPU
		{C8238C16-70B4-4631-8A0E-0A03931AE385}.Debug|Any CPU.ActiveCfg = Debug|Any CPU
		{C8238C16-70B4-4631-8A0E-0A03931AE385}.Debug|Any CPU.Build.0 = Debug|Any CPU
		{C8238C16-70B4-4631-8A0E-0A03931AE385}.Release|Any CPU.ActiveCfg = Release|Any CPU
		{C8238C16-70B4-4631-8A0E-0A03931AE385}.Release|Any CPU.Build.0 = Release|Any CPU
		{2A1A95E0-6E53-47C1-91E8-43A7BF5D415D}.Debug|Any CPU.ActiveCfg = Debug|Any CPU
		{2A1A95E0-6E53-47C1-91E8-43A7BF5D415D}.Debug|Any CPU.Build.0 = Debug|Any CPU
		{2A1A95E0-6E53-47C1-91E8-43A7BF5D415D}.Release|Any CPU.ActiveCfg = Release|Any CPU
		{2A1A95E0-6E53-47C1-91E8-43A7BF5D415D}.Release|Any CPU.Build.0 = Release|Any CPU
		{334D690B-4564-436F-B7BB-D3FE6BFE6F6A}.Debug|Any CPU.ActiveCfg = Debug|Any CPU
		{334D690B-4564-436F-B7BB-D3FE6BFE6F6A}.Debug|Any CPU.Build.0 = Debug|Any CPU
		{334D690B-4564-436F-B7BB-D3FE6BFE6F6A}.Release|Any CPU.ActiveCfg = Release|Any CPU
		{334D690B-4564-436F-B7BB-D3FE6BFE6F6A}.Release|Any CPU.Build.0 = Release|Any CPU
		{4CABC7B9-E1B6-43CB-A527-EC0EF119C54B}.Debug|Any CPU.ActiveCfg = Debug|Any CPU
		{4CABC7B9-E1B6-43CB-A527-EC0EF119C54B}.Debug|Any CPU.Build.0 = Debug|Any CPU
		{4CABC7B9-E1B6-43CB-A527-EC0EF119C54B}.Release|Any CPU.ActiveCfg = Release|Any CPU
		{4CABC7B9-E1B6-43CB-A527-EC0EF119C54B}.Release|Any CPU.Build.0 = Release|Any CPU
		{23889D03-2828-4C6A-8BBB-CBC46DB1BF2C}.Debug|Any CPU.ActiveCfg = Debug|Any CPU
		{23889D03-2828-4C6A-8BBB-CBC46DB1BF2C}.Debug|Any CPU.Build.0 = Debug|Any CPU
		{23889D03-2828-4C6A-8BBB-CBC46DB1BF2C}.Release|Any CPU.ActiveCfg = Release|Any CPU
		{23889D03-2828-4C6A-8BBB-CBC46DB1BF2C}.Release|Any CPU.Build.0 = Release|Any CPU
		{EEB14566-1302-48CB-ADDD-3A032DC78A6A}.Debug|Any CPU.ActiveCfg = Debug|Any CPU
		{EEB14566-1302-48CB-ADDD-3A032DC78A6A}.Debug|Any CPU.Build.0 = Debug|Any CPU
		{EEB14566-1302-48CB-ADDD-3A032DC78A6A}.Release|Any CPU.ActiveCfg = Release|Any CPU
		{EEB14566-1302-48CB-ADDD-3A032DC78A6A}.Release|Any CPU.Build.0 = Release|Any CPU
		{3168CF69-DCD2-4B02-891A-897567B67150}.Debug|Any CPU.ActiveCfg = Debug|Any CPU
		{3168CF69-DCD2-4B02-891A-897567B67150}.Debug|Any CPU.Build.0 = Debug|Any CPU
		{3168CF69-DCD2-4B02-891A-897567B67150}.Release|Any CPU.ActiveCfg = Release|Any CPU
		{3168CF69-DCD2-4B02-891A-897567B67150}.Release|Any CPU.Build.0 = Release|Any CPU
		{5DF96A2A-C5B5-4D2E-9C24-C01D20E8E279}.Debug|Any CPU.ActiveCfg = Debug|Any CPU
		{5DF96A2A-C5B5-4D2E-9C24-C01D20E8E279}.Debug|Any CPU.Build.0 = Debug|Any CPU
		{5DF96A2A-C5B5-4D2E-9C24-C01D20E8E279}.Release|Any CPU.ActiveCfg = Release|Any CPU
		{5DF96A2A-C5B5-4D2E-9C24-C01D20E8E279}.Release|Any CPU.Build.0 = Release|Any CPU
		{9C9BD909-A4ED-47F9-8632-54ECAF6F5F47}.Debug|Any CPU.ActiveCfg = Debug|Any CPU
		{9C9BD909-A4ED-47F9-8632-54ECAF6F5F47}.Debug|Any CPU.Build.0 = Debug|Any CPU
		{9C9BD909-A4ED-47F9-8632-54ECAF6F5F47}.Release|Any CPU.ActiveCfg = Release|Any CPU
		{9C9BD909-A4ED-47F9-8632-54ECAF6F5F47}.Release|Any CPU.Build.0 = Release|Any CPU
		{A1199E18-6F83-4B1F-8A1D-7B15769DC5D6}.Debug|Any CPU.ActiveCfg = Debug|Any CPU
		{A1199E18-6F83-4B1F-8A1D-7B15769DC5D6}.Debug|Any CPU.Build.0 = Debug|Any CPU
		{A1199E18-6F83-4B1F-8A1D-7B15769DC5D6}.Release|Any CPU.ActiveCfg = Release|Any CPU
		{A1199E18-6F83-4B1F-8A1D-7B15769DC5D6}.Release|Any CPU.Build.0 = Release|Any CPU
		{FBE60BE6-3F2E-4942-91E5-F5523B86CED6}.Debug|Any CPU.ActiveCfg = Debug|Any CPU
		{FBE60BE6-3F2E-4942-91E5-F5523B86CED6}.Debug|Any CPU.Build.0 = Debug|Any CPU
		{FBE60BE6-3F2E-4942-91E5-F5523B86CED6}.Release|Any CPU.ActiveCfg = Release|Any CPU
		{FBE60BE6-3F2E-4942-91E5-F5523B86CED6}.Release|Any CPU.Build.0 = Release|Any CPU
		{E5CB645F-3E8C-424C-BEC1-449C64DCB817}.Debug|Any CPU.ActiveCfg = Debug|Any CPU
		{E5CB645F-3E8C-424C-BEC1-449C64DCB817}.Debug|Any CPU.Build.0 = Debug|Any CPU
		{E5CB645F-3E8C-424C-BEC1-449C64DCB817}.Release|Any CPU.ActiveCfg = Release|Any CPU
		{E5CB645F-3E8C-424C-BEC1-449C64DCB817}.Release|Any CPU.Build.0 = Release|Any CPU
	EndGlobalSection
	GlobalSection(SolutionProperties) = preSolution
		HideSolutionNode = FALSE
	EndGlobalSection
	GlobalSection(ExtensibilityGlobals) = postSolution
		SolutionGuid = {648FAD3A-D9FB-4B3A-9F94-79CAB3004625}
	EndGlobalSection
	GlobalSection(NestedProjects) = preSolution
		{223B33C6-332E-4778-8A12-8E4665EEEE75} = {AFEB5CC9-C04C-4012-B8AA-5A032CB8832D}
		{32DB16CB-F79A-4F43-85A3-E431D6AACB5A} = {223B33C6-332E-4778-8A12-8E4665EEEE75}
		{A7840C64-CFC4-47C4-8FE9-578066C1D332} = {223B33C6-332E-4778-8A12-8E4665EEEE75}
		{0305A8A3-7C53-4D74-9A18-4DEB675FFDA0} = {223B33C6-332E-4778-8A12-8E4665EEEE75}
		{29FE673C-2DC1-4C60-9C7D-F28EB0F27671} = {223B33C6-332E-4778-8A12-8E4665EEEE75}
		{2CE472BC-E439-4F46-BA46-31C0D64AB37B} = {223B33C6-332E-4778-8A12-8E4665EEEE75}
		{671B3791-F619-41B6-B391-9E083BE915E7} = {223B33C6-332E-4778-8A12-8E4665EEEE75}
		{2A1A95E0-6E53-47C1-91E8-43A7BF5D415D} = {223B33C6-332E-4778-8A12-8E4665EEEE75}
		{C8238C16-70B4-4631-8A0E-0A03931AE385} = {223B33C6-332E-4778-8A12-8E4665EEEE75}
		{334D690B-4564-436F-B7BB-D3FE6BFE6F6A} = {223B33C6-332E-4778-8A12-8E4665EEEE75}
		{4CABC7B9-E1B6-43CB-A527-EC0EF119C54B} = {223B33C6-332E-4778-8A12-8E4665EEEE75}
		{7A2E673F-D7FB-4D45-B0A9-F248FA945E58} = {223B33C6-332E-4778-8A12-8E4665EEEE75}
		{23889D03-2828-4C6A-8BBB-CBC46DB1BF2C} = {223B33C6-332E-4778-8A12-8E4665EEEE75}
		{EEB14566-1302-48CB-ADDD-3A032DC78A6A} = {223B33C6-332E-4778-8A12-8E4665EEEE75}
		{3168CF69-DCD2-4B02-891A-897567B67150} = {223B33C6-332E-4778-8A12-8E4665EEEE75}
		{221FC5E7-5091-432A-983B-4457D0DB8FC4} = {223B33C6-332E-4778-8A12-8E4665EEEE75}
		{AAD053C3-076E-4EF7-946C-1F10DE5C9ACE} = {223B33C6-332E-4778-8A12-8E4665EEEE75}
		{B3724A19-1C4A-40A0-A2F8-3B05EA70E709} = {223B33C6-332E-4778-8A12-8E4665EEEE75}
		{730D94B8-7D8E-4F93-90D9-D387DF186953} = {223B33C6-332E-4778-8A12-8E4665EEEE75}
		{E4EA0BB5-0921-4C94-AB68-E59B48DB8F56} = {223B33C6-332E-4778-8A12-8E4665EEEE75}
		{AB173E9D-CEF7-45CA-9C55-AFCF1045876A} = {223B33C6-332E-4778-8A12-8E4665EEEE75}
		{6A8BFEB7-11B0-4180-AE53-D62037AF773D} = {223B33C6-332E-4778-8A12-8E4665EEEE75}
		{002E223E-DE4D-4D17-B3C8-80698C66265F} = {AFEB5CC9-C04C-4012-B8AA-5A032CB8832D}
		{5DF96A2A-C5B5-4D2E-9C24-C01D20E8E279} = {002E223E-DE4D-4D17-B3C8-80698C66265F}
		{9C9BD909-A4ED-47F9-8632-54ECAF6F5F47} = {002E223E-DE4D-4D17-B3C8-80698C66265F}
		{A1199E18-6F83-4B1F-8A1D-7B15769DC5D6} = {002E223E-DE4D-4D17-B3C8-80698C66265F}
		{FBE60BE6-3F2E-4942-91E5-F5523B86CED6} = {002E223E-DE4D-4D17-B3C8-80698C66265F}
		{E5CB645F-3E8C-424C-BEC1-449C64DCB817} = {002E223E-DE4D-4D17-B3C8-80698C66265F}
	EndGlobalSection
EndGlobal
