
Microsoft Visual Studio Solution File, Format Version 12.00
# Visual Studio 15
VisualStudioVersion = 15.0.26730.16
MinimumVisualStudioVersion = 10.0.40219.1
Project("{FAE04EC0-301F-11D3-BF4B-00C04F79EFBC}") = "AdventOfCode.Day1", "AdventOfCode.Day1\AdventOfCode.Day1.csproj", "{32DB16CB-F79A-4F43-85A3-E431D6AACB5A}"
EndProject
Project("{FAE04EC0-301F-11D3-BF4B-00C04F79EFBC}") = "AdventOfCode.Day2", "AdventOfCode.Day2\AdventOfCode.Day2.csproj", "{7A2E673F-D7FB-4D45-B0A9-F248FA945E58}"
EndProject
Project("{FAE04EC0-301F-11D3-BF4B-00C04F79EFBC}") = "AdventOfCode.Day3", "AdventOfCode.Day3\AdventOfCode.Day3.csproj", "{221FC5E7-5091-432A-983B-4457D0DB8FC4}"
EndProject
Project("{FAE04EC0-301F-11D3-BF4B-00C04F79EFBC}") = "AdventOfCode.Day4", "AdventOfCode.Day4\AdventOfCode.Day4.csproj", "{AAD053C3-076E-4EF7-946C-1F10DE5C9ACE}"
EndProject
Project("{FAE04EC0-301F-11D3-BF4B-00C04F79EFBC}") = "AdventOfCode.Day5", "AdventOfCode.Day5\AdventOfCode.Day5.csproj", "{B3724A19-1C4A-40A0-A2F8-3B05EA70E709}"
EndProject
Project("{FAE04EC0-301F-11D3-BF4B-00C04F79EFBC}") = "AdventOfCode.Day6", "AdventOfCode.Day6\AdventOfCode.Day6.csproj", "{730D94B8-7D8E-4F93-90D9-D387DF186953}"
EndProject
Global
	GlobalSection(SolutionConfigurationPlatforms) = preSolution
		Debug|Any CPU = Debug|Any CPU
		Release|Any CPU = Release|Any CPU
	EndGlobalSection
	GlobalSection(ProjectConfigurationPlatforms) = postSolution
		{32DB16CB-F79A-4F43-85A3-E431D6AACB5A}.Debug|Any CPU.ActiveCfg = Debug|Any CPU
		{32DB16CB-F79A-4F43-85A3-E431D6AACB5A}.Debug|Any CPU.Build.0 = Debug|Any CPU
		{32DB16CB-F79A-4F43-85A3-E431D6AACB5A}.Release|Any CPU.ActiveCfg = Release|Any CPU
		{32DB16CB-F79A-4F43-85A3-E431D6AACB5A}.Release|Any CPU.Build.0 = Release|Any CPU
		{7A2E673F-D7FB-4D45-B0A9-F248FA945E58}.Debug|Any CPU.ActiveCfg = Debug|Any CPU
		{7A2E673F-D7FB-4D45-B0A9-F248FA945E58}.Debug|Any CPU.Build.0 = Debug|Any CPU
		{7A2E673F-D7FB-4D45-B0A9-F248FA945E58}.Release|Any CPU.ActiveCfg = Release|Any CPU
		{7A2E673F-D7FB-4D45-B0A9-F248FA945E58}.Release|Any CPU.Build.0 = Release|Any CPU
		{221FC5E7-5091-432A-983B-4457D0DB8FC4}.Debug|Any CPU.ActiveCfg = Debug|Any CPU
		{221FC5E7-5091-432A-983B-4457D0DB8FC4}.Debug|Any CPU.Build.0 = Debug|Any CPU
		{221FC5E7-5091-432A-983B-4457D0DB8FC4}.Release|Any CPU.ActiveCfg = Release|Any CPU
		{221FC5E7-5091-432A-983B-4457D0DB8FC4}.Release|Any CPU.Build.0 = Release|Any CPU
		{AAD053C3-076E-4EF7-946C-1F10DE5C9ACE}.Debug|Any CPU.ActiveCfg = Debug|Any CPU
		{AAD053C3-076E-4EF7-946C-1F10DE5C9ACE}.Debug|Any CPU.Build.0 = Debug|Any CPU
		{AAD053C3-076E-4EF7-946C-1F10DE5C9ACE}.Release|Any CPU.ActiveCfg = Release|Any CPU
		{AAD053C3-076E-4EF7-946C-1F10DE5C9ACE}.Release|Any CPU.Build.0 = Release|Any CPU
		{B3724A19-1C4A-40A0-A2F8-3B05EA70E709}.Debug|Any CPU.ActiveCfg = Debug|Any CPU
		{B3724A19-1C4A-40A0-A2F8-3B05EA70E709}.Debug|Any CPU.Build.0 = Debug|Any CPU
		{B3724A19-1C4A-40A0-A2F8-3B05EA70E709}.Release|Any CPU.ActiveCfg = Release|Any CPU
		{B3724A19-1C4A-40A0-A2F8-3B05EA70E709}.Release|Any CPU.Build.0 = Release|Any CPU
		{730D94B8-7D8E-4F93-90D9-D387DF186953}.Debug|Any CPU.ActiveCfg = Debug|Any CPU
		{730D94B8-7D8E-4F93-90D9-D387DF186953}.Debug|Any CPU.Build.0 = Debug|Any CPU
		{730D94B8-7D8E-4F93-90D9-D387DF186953}.Release|Any CPU.ActiveCfg = Release|Any CPU
		{730D94B8-7D8E-4F93-90D9-D387DF186953}.Release|Any CPU.Build.0 = Release|Any CPU
	EndGlobalSection
	GlobalSection(SolutionProperties) = preSolution
		HideSolutionNode = FALSE
	EndGlobalSection
	GlobalSection(ExtensibilityGlobals) = postSolution
		SolutionGuid = {648FAD3A-D9FB-4B3A-9F94-79CAB3004625}
	EndGlobalSection
EndGlobal
